
Microsoft Visual Studio Solution File, Format Version 12.00
# Visual Studio 15
VisualStudioVersion = 15.0.27428.2037
MinimumVisualStudioVersion = 10.0.40219.1
Project("{9A19103F-16F7-4668-BE54-9A1E7A4F7556}") = "CoreClass", "CoreClass\CoreClass.csproj", "{B55C2421-F9E2-4D1E-A36D-323E863F0C6F}"
EndProject
Project("{9A19103F-16F7-4668-BE54-9A1E7A4F7556}") = "Web", "Web\Web.csproj", "{BB666640-6B48-47C0-8E5C-73240216FB7A}"
EndProject
Global
	GlobalSection(SolutionConfigurationPlatforms) = preSolution
		Ad-Hoc|Any CPU = Ad-Hoc|Any CPU
		Ad-Hoc|iPhone = Ad-Hoc|iPhone
		Ad-Hoc|iPhoneSimulator = Ad-Hoc|iPhoneSimulator
		AppStore|Any CPU = AppStore|Any CPU
		AppStore|iPhone = AppStore|iPhone
		AppStore|iPhoneSimulator = AppStore|iPhoneSimulator
		Debug|Any CPU = Debug|Any CPU
		Debug|iPhone = Debug|iPhone
		Debug|iPhoneSimulator = Debug|iPhoneSimulator
		Release|Any CPU = Release|Any CPU
		Release|iPhone = Release|iPhone
		Release|iPhoneSimulator = Release|iPhoneSimulator
	EndGlobalSection
	GlobalSection(ProjectConfigurationPlatforms) = postSolution
		{B55C2421-F9E2-4D1E-A36D-323E863F0C6F}.Ad-Hoc|Any CPU.ActiveCfg = Release|Any CPU
		{B55C2421-F9E2-4D1E-A36D-323E863F0C6F}.Ad-Hoc|Any CPU.Build.0 = Release|Any CPU
		{B55C2421-F9E2-4D1E-A36D-323E863F0C6F}.Ad-Hoc|iPhone.ActiveCfg = Release|Any CPU
		{B55C2421-F9E2-4D1E-A36D-323E863F0C6F}.Ad-Hoc|iPhone.Build.0 = Release|Any CPU
		{B55C2421-F9E2-4D1E-A36D-323E863F0C6F}.Ad-Hoc|iPhoneSimulator.ActiveCfg = Release|Any CPU
		{B55C2421-F9E2-4D1E-A36D-323E863F0C6F}.Ad-Hoc|iPhoneSimulator.Build.0 = Release|Any CPU
		{B55C2421-F9E2-4D1E-A36D-323E863F0C6F}.AppStore|Any CPU.ActiveCfg = Release|Any CPU
		{B55C2421-F9E2-4D1E-A36D-323E863F0C6F}.AppStore|Any CPU.Build.0 = Release|Any CPU
		{B55C2421-F9E2-4D1E-A36D-323E863F0C6F}.AppStore|iPhone.ActiveCfg = Release|Any CPU
		{B55C2421-F9E2-4D1E-A36D-323E863F0C6F}.AppStore|iPhone.Build.0 = Release|Any CPU
		{B55C2421-F9E2-4D1E-A36D-323E863F0C6F}.AppStore|iPhoneSimulator.ActiveCfg = Release|Any CPU
		{B55C2421-F9E2-4D1E-A36D-323E863F0C6F}.AppStore|iPhoneSimulator.Build.0 = Release|Any CPU
		{B55C2421-F9E2-4D1E-A36D-323E863F0C6F}.Debug|Any CPU.ActiveCfg = Debug|Any CPU
		{B55C2421-F9E2-4D1E-A36D-323E863F0C6F}.Debug|Any CPU.Build.0 = Debug|Any CPU
		{B55C2421-F9E2-4D1E-A36D-323E863F0C6F}.Debug|iPhone.ActiveCfg = Debug|Any CPU
		{B55C2421-F9E2-4D1E-A36D-323E863F0C6F}.Debug|iPhone.Build.0 = Debug|Any CPU
		{B55C2421-F9E2-4D1E-A36D-323E863F0C6F}.Debug|iPhoneSimulator.ActiveCfg = Debug|Any CPU
		{B55C2421-F9E2-4D1E-A36D-323E863F0C6F}.Debug|iPhoneSimulator.Build.0 = Debug|Any CPU
		{B55C2421-F9E2-4D1E-A36D-323E863F0C6F}.Release|Any CPU.ActiveCfg = Release|Any CPU
		{B55C2421-F9E2-4D1E-A36D-323E863F0C6F}.Release|Any CPU.Build.0 = Release|Any CPU
		{B55C2421-F9E2-4D1E-A36D-323E863F0C6F}.Release|iPhone.ActiveCfg = Release|Any CPU
		{B55C2421-F9E2-4D1E-A36D-323E863F0C6F}.Release|iPhone.Build.0 = Release|Any CPU
		{B55C2421-F9E2-4D1E-A36D-323E863F0C6F}.Release|iPhoneSimulator.ActiveCfg = Release|Any CPU
		{B55C2421-F9E2-4D1E-A36D-323E863F0C6F}.Release|iPhoneSimulator.Build.0 = Release|Any CPU
		{BB666640-6B48-47C0-8E5C-73240216FB7A}.Ad-Hoc|Any CPU.ActiveCfg = Release|Any CPU
		{BB666640-6B48-47C0-8E5C-73240216FB7A}.Ad-Hoc|Any CPU.Build.0 = Release|Any CPU
		{BB666640-6B48-47C0-8E5C-73240216FB7A}.Ad-Hoc|iPhone.ActiveCfg = Release|Any CPU
		{BB666640-6B48-47C0-8E5C-73240216FB7A}.Ad-Hoc|iPhone.Build.0 = Release|Any CPU
		{BB666640-6B48-47C0-8E5C-73240216FB7A}.Ad-Hoc|iPhoneSimulator.ActiveCfg = Release|Any CPU
		{BB666640-6B48-47C0-8E5C-73240216FB7A}.Ad-Hoc|iPhoneSimulator.Build.0 = Release|Any CPU
		{BB666640-6B48-47C0-8E5C-73240216FB7A}.AppStore|Any CPU.ActiveCfg = Release|Any CPU
		{BB666640-6B48-47C0-8E5C-73240216FB7A}.AppStore|Any CPU.Build.0 = Release|Any CPU
		{BB666640-6B48-47C0-8E5C-73240216FB7A}.AppStore|iPhone.ActiveCfg = Release|Any CPU
		{BB666640-6B48-47C0-8E5C-73240216FB7A}.AppStore|iPhone.Build.0 = Release|Any CPU
		{BB666640-6B48-47C0-8E5C-73240216FB7A}.AppStore|iPhoneSimulator.ActiveCfg = Release|Any CPU
		{BB666640-6B48-47C0-8E5C-73240216FB7A}.AppStore|iPhoneSimulator.Build.0 = Release|Any CPU
		{BB666640-6B48-47C0-8E5C-73240216FB7A}.Debug|Any CPU.ActiveCfg = Debug|Any CPU
		{BB666640-6B48-47C0-8E5C-73240216FB7A}.Debug|Any CPU.Build.0 = Debug|Any CPU
		{BB666640-6B48-47C0-8E5C-73240216FB7A}.Debug|iPhone.ActiveCfg = Debug|Any CPU
		{BB666640-6B48-47C0-8E5C-73240216FB7A}.Debug|iPhone.Build.0 = Debug|Any CPU
		{BB666640-6B48-47C0-8E5C-73240216FB7A}.Debug|iPhoneSimulator.ActiveCfg = Debug|Any CPU
		{BB666640-6B48-47C0-8E5C-73240216FB7A}.Debug|iPhoneSimulator.Build.0 = Debug|Any CPU
		{BB666640-6B48-47C0-8E5C-73240216FB7A}.Release|Any CPU.ActiveCfg = Release|Any CPU
		{BB666640-6B48-47C0-8E5C-73240216FB7A}.Release|Any CPU.Build.0 = Release|Any CPU
		{BB666640-6B48-47C0-8E5C-73240216FB7A}.Release|iPhone.ActiveCfg = Release|Any CPU
		{BB666640-6B48-47C0-8E5C-73240216FB7A}.Release|iPhone.Build.0 = Release|Any CPU
		{BB666640-6B48-47C0-8E5C-73240216FB7A}.Release|iPhoneSimulator.ActiveCfg = Release|Any CPU
		{BB666640-6B48-47C0-8E5C-73240216FB7A}.Release|iPhoneSimulator.Build.0 = Release|Any CPU
	EndGlobalSection
	GlobalSection(SolutionProperties) = preSolution
		HideSolutionNode = FALSE
	EndGlobalSection
	GlobalSection(ExtensibilityGlobals) = postSolution
		SolutionGuid = {FF6251F5-0BAC-40C0-89AE-C5F85907A34C}
	EndGlobalSection
EndGlobal
